// !$*UTF8*$!
{
	archiveVersion = 1;
	classes = {
	};
	objectVersion = 50;
	objects = {

/* Begin PBXBuildFile section */
		B214192221AE517E00B7FE91 /* main.cpp in Sources */ = {isa = PBXBuildFile; fileRef = B214192121AE517E00B7FE91 /* main.cpp */; };
		B22870B421DD5881004D2417 /* CramerSpirals.cpp in Sources */ = {isa = PBXBuildFile; fileRef = B22870B221DD5881004D2417 /* CramerSpirals.cpp */; };
		B24779CB2206B8BA0076718A /* Cramer.cpp in Sources */ = {isa = PBXBuildFile; fileRef = B24779C92206B8BA0076718A /* Cramer.cpp */; };
		B294B98C21BA4D590013737F /* compression.cpp in Sources */ = {isa = PBXBuildFile; fileRef = B294B98A21BA4D590013737F /* compression.cpp */; };
/* End PBXBuildFile section */

/* Begin PBXCopyFilesBuildPhase section */
		B214191C21AE517E00B7FE91 /* CopyFiles */ = {
			isa = PBXCopyFilesBuildPhase;
			buildActionMask = 2147483647;
			dstPath = /usr/share/man/man1/;
			dstSubfolderSpec = 0;
			files = (
			);
			runOnlyForDeploymentPostprocessing = 1;
		};
/* End PBXCopyFilesBuildPhase section */

/* Begin PBXFileReference section */
		B214191E21AE517E00B7FE91 /* compression */ = {isa = PBXFileReference; explicitFileType = "compiled.mach-o.executable"; includeInIndex = 0; path = compression; sourceTree = BUILT_PRODUCTS_DIR; };
		B214192121AE517E00B7FE91 /* main.cpp */ = {isa = PBXFileReference; lastKnownFileType = sourcecode.cpp.cpp; path = main.cpp; sourceTree = "<group>"; };
		B22870B221DD5881004D2417 /* CramerSpirals.cpp */ = {isa = PBXFileReference; lastKnownFileType = sourcecode.cpp.cpp; path = CramerSpirals.cpp; sourceTree = "<group>"; };
		B22870B921E2EE78004D2417 /* graphing.h */ = {isa = PBXFileReference; lastKnownFileType = sourcecode.c.h; path = graphing.h; sourceTree = "<group>"; };
		B22A08E221EF1AA4004551D9 /* simd_math.h */ = {isa = PBXFileReference; lastKnownFileType = sourcecode.c.h; path = simd_math.h; sourceTree = "<group>"; };
		B22A08E321EF2345004551D9 /* impl_x86_avx_256_simd_double.h */ = {isa = PBXFileReference; fileEncoding = 4; lastKnownFileType = sourcecode.c.h; path = impl_x86_avx_256_simd_double.h; sourceTree = "<group>"; };
		B22A08E421EF2393004551D9 /* impl_x86_avx_256_simd_float.h */ = {isa = PBXFileReference; fileEncoding = 4; lastKnownFileType = sourcecode.c.h; path = impl_x86_avx_256_simd_float.h; sourceTree = "<group>"; };
		B22A08E521EF2484004551D9 /* real.h */ = {isa = PBXFileReference; fileEncoding = 4; lastKnownFileType = sourcecode.c.h; path = real.h; sourceTree = "<group>"; };
		B22A08E621EF2484004551D9 /* utilities.h */ = {isa = PBXFileReference; fileEncoding = 4; lastKnownFileType = sourcecode.c.h; path = utilities.h; sourceTree = "<group>"; };
		B22A08E721EF2484004551D9 /* basedefinitions.h */ = {isa = PBXFileReference; fileEncoding = 4; lastKnownFileType = sourcecode.c.h; path = basedefinitions.h; sourceTree = "<group>"; };
		B22A08E821EF2484004551D9 /* config.h */ = {isa = PBXFileReference; fileEncoding = 4; lastKnownFileType = sourcecode.c.h; path = config.h; sourceTree = "<group>"; };
		B22A08E921F3DAFE004551D9 /* math_helper.h */ = {isa = PBXFileReference; lastKnownFileType = sourcecode.c.h; path = math_helper.h; sourceTree = "<group>"; };
		B24779C92206B8BA0076718A /* Cramer.cpp */ = {isa = PBXFileReference; fileEncoding = 4; lastKnownFileType = sourcecode.cpp.cpp; path = Cramer.cpp; sourceTree = "<group>"; };
		B24779CA2206B8BA0076718A /* Cramer.h */ = {isa = PBXFileReference; fileEncoding = 4; lastKnownFileType = sourcecode.c.h; path = Cramer.h; sourceTree = "<group>"; };
		B24779CC2206B8D20076718A /* CramerSpirals.h */ = {isa = PBXFileReference; lastKnownFileType = sourcecode.c.h; path = CramerSpirals.h; sourceTree = "<group>"; };
		B294B98A21BA4D590013737F /* compression.cpp */ = {isa = PBXFileReference; lastKnownFileType = sourcecode.cpp.cpp; path = compression.cpp; sourceTree = "<group>"; };
		B294B98B21BA4D590013737F /* compression.h */ = {isa = PBXFileReference; lastKnownFileType = sourcecode.c.h; path = compression.h; sourceTree = "<group>"; };
/* End PBXFileReference section */

/* Begin PBXFrameworksBuildPhase section */
		B214191B21AE517E00B7FE91 /* Frameworks */ = {
			isa = PBXFrameworksBuildPhase;
			buildActionMask = 2147483647;
			files = (
			);
			runOnlyForDeploymentPostprocessing = 0;
		};
/* End PBXFrameworksBuildPhase section */

/* Begin PBXGroup section */
		B214191521AE517E00B7FE91 = {
			isa = PBXGroup;
			children = (
				B214192021AE517E00B7FE91 /* compression */,
				B214191F21AE517E00B7FE91 /* Products */,
			);
			sourceTree = "<group>";
		};
		B214191F21AE517E00B7FE91 /* Products */ = {
			isa = PBXGroup;
			children = (
				B214191E21AE517E00B7FE91 /* compression */,
			);
			name = Products;
			sourceTree = "<group>";
		};
		B214192021AE517E00B7FE91 /* compression */ = {
			isa = PBXGroup;
			children = (
				B24779C92206B8BA0076718A /* Cramer.cpp */,
				B24779CA2206B8BA0076718A /* Cramer.h */,
				B22A08E721EF2484004551D9 /* basedefinitions.h */,
				B22A08E821EF2484004551D9 /* config.h */,
				B22A08E521EF2484004551D9 /* real.h */,
				B22A08E621EF2484004551D9 /* utilities.h */,
				B22A08E421EF2393004551D9 /* impl_x86_avx_256_simd_float.h */,
				B22A08E321EF2345004551D9 /* impl_x86_avx_256_simd_double.h */,
				B214192121AE517E00B7FE91 /* main.cpp */,
				B294B98A21BA4D590013737F /* compression.cpp */,
				B294B98B21BA4D590013737F /* compression.h */,
				B22870B221DD5881004D2417 /* CramerSpirals.cpp */,
				B24779CC2206B8D20076718A /* CramerSpirals.h */,
				B22870B921E2EE78004D2417 /* graphing.h */,
				B22A08E221EF1AA4004551D9 /* simd_math.h */,
				B22A08E921F3DAFE004551D9 /* math_helper.h */,
			);
			path = compression;
			sourceTree = "<group>";
		};
/* End PBXGroup section */

/* Begin PBXNativeTarget section */
		B214191D21AE517E00B7FE91 /* compression */ = {
			isa = PBXNativeTarget;
			buildConfigurationList = B214192521AE517F00B7FE91 /* Build configuration list for PBXNativeTarget "compression" */;
			buildPhases = (
				B214191A21AE517E00B7FE91 /* Sources */,
				B214191B21AE517E00B7FE91 /* Frameworks */,
				B214191C21AE517E00B7FE91 /* CopyFiles */,
			);
			buildRules = (
			);
			dependencies = (
			);
			name = compression;
			productName = compression;
			productReference = B214191E21AE517E00B7FE91 /* compression */;
			productType = "com.apple.product-type.tool";
		};
/* End PBXNativeTarget section */

/* Begin PBXProject section */
		B214191621AE517E00B7FE91 /* Project object */ = {
			isa = PBXProject;
			attributes = {
				LastUpgradeCheck = 0940;
				ORGANIZATIONNAME = "Aneeqa Fatima";
				TargetAttributes = {
					B214191D21AE517E00B7FE91 = {
						CreatedOnToolsVersion = 9.4.1;
					};
				};
			};
			buildConfigurationList = B214191921AE517E00B7FE91 /* Build configuration list for PBXProject "compression" */;
			compatibilityVersion = "Xcode 9.3";
			developmentRegion = en;
			hasScannedForEncodings = 0;
			knownRegions = (
				en,
			);
			mainGroup = B214191521AE517E00B7FE91;
			productRefGroup = B214191F21AE517E00B7FE91 /* Products */;
			projectDirPath = "";
			projectRoot = "";
			targets = (
				B214191D21AE517E00B7FE91 /* compression */,
			);
		};
/* End PBXProject section */

/* Begin PBXSourcesBuildPhase section */
		B214191A21AE517E00B7FE91 /* Sources */ = {
			isa = PBXSourcesBuildPhase;
			buildActionMask = 2147483647;
			files = (
				B22870B421DD5881004D2417 /* CramerSpirals.cpp in Sources */,
				B24779CB2206B8BA0076718A /* Cramer.cpp in Sources */,
				B294B98C21BA4D590013737F /* compression.cpp in Sources */,
				B214192221AE517E00B7FE91 /* main.cpp in Sources */,
			);
			runOnlyForDeploymentPostprocessing = 0;
		};
/* End PBXSourcesBuildPhase section */

/* Begin XCBuildConfiguration section */
		B214192321AE517F00B7FE91 /* Debug */ = {
			isa = XCBuildConfiguration;
			buildSettings = {
				ALWAYS_SEARCH_USER_PATHS = NO;
				CLANG_ANALYZER_NONNULL = YES;
				CLANG_ANALYZER_NUMBER_OBJECT_CONVERSION = YES_AGGRESSIVE;
				CLANG_CXX_LANGUAGE_STANDARD = "gnu++14";
				CLANG_CXX_LIBRARY = "libc++";
				CLANG_ENABLE_MODULES = YES;
				CLANG_ENABLE_OBJC_ARC = YES;
				CLANG_ENABLE_OBJC_WEAK = YES;
				CLANG_WARN_BLOCK_CAPTURE_AUTORELEASING = YES;
				CLANG_WARN_BOOL_CONVERSION = YES;
				CLANG_WARN_COMMA = YES;
				CLANG_WARN_CONSTANT_CONVERSION = YES;
				CLANG_WARN_DEPRECATED_OBJC_IMPLEMENTATIONS = YES;
				CLANG_WARN_DIRECT_OBJC_ISA_USAGE = YES_ERROR;
				CLANG_WARN_DOCUMENTATION_COMMENTS = YES;
				CLANG_WARN_EMPTY_BODY = YES;
				CLANG_WARN_ENUM_CONVERSION = YES;
				CLANG_WARN_INFINITE_RECURSION = YES;
				CLANG_WARN_INT_CONVERSION = YES;
				CLANG_WARN_NON_LITERAL_NULL_CONVERSION = YES;
				CLANG_WARN_OBJC_IMPLICIT_RETAIN_SELF = YES;
				CLANG_WARN_OBJC_LITERAL_CONVERSION = YES;
				CLANG_WARN_OBJC_ROOT_CLASS = YES_ERROR;
				CLANG_WARN_RANGE_LOOP_ANALYSIS = YES;
				CLANG_WARN_STRICT_PROTOTYPES = YES;
				CLANG_WARN_SUSPICIOUS_MOVE = YES;
				CLANG_WARN_UNGUARDED_AVAILABILITY = YES_AGGRESSIVE;
				CLANG_WARN_UNREACHABLE_CODE = YES;
				CLANG_WARN__DUPLICATE_METHOD_MATCH = YES;
				CODE_SIGN_IDENTITY = "-";
				COPY_PHASE_STRIP = NO;
				DEBUG_INFORMATION_FORMAT = dwarf;
				ENABLE_STRICT_OBJC_MSGSEND = YES;
				ENABLE_TESTABILITY = YES;
				GCC_C_LANGUAGE_STANDARD = gnu11;
				GCC_DYNAMIC_NO_PIC = NO;
				GCC_NO_COMMON_BLOCKS = YES;
				GCC_OPTIMIZATION_LEVEL = 0;
				GCC_PREPROCESSOR_DEFINITIONS = (
					"DEBUG=1",
					"$(inherited)",
				);
				GCC_WARN_64_TO_32_BIT_CONVERSION = YES;
				GCC_WARN_ABOUT_RETURN_TYPE = YES_ERROR;
				GCC_WARN_UNDECLARED_SELECTOR = YES;
				GCC_WARN_UNINITIALIZED_AUTOS = YES_AGGRESSIVE;
				GCC_WARN_UNUSED_FUNCTION = YES;
				GCC_WARN_UNUSED_VARIABLE = YES;
				MACOSX_DEPLOYMENT_TARGET = 10.13;
				MTL_ENABLE_DEBUG_INFO = YES;
				ONLY_ACTIVE_ARCH = YES;
				OTHER_LDFLAGS = (
					"-lboost_iostreams",
					"-lboost_system",
					"-lboost_filesystem",
				);
				SDKROOT = macosx;
			};
			name = Debug;
		};
		B214192421AE517F00B7FE91 /* Release */ = {
			isa = XCBuildConfiguration;
			buildSettings = {
				ALWAYS_SEARCH_USER_PATHS = NO;
				CLANG_ANALYZER_NONNULL = YES;
				CLANG_ANALYZER_NUMBER_OBJECT_CONVERSION = YES_AGGRESSIVE;
				CLANG_CXX_LANGUAGE_STANDARD = "gnu++14";
				CLANG_CXX_LIBRARY = "libc++";
				CLANG_ENABLE_MODULES = YES;
				CLANG_ENABLE_OBJC_ARC = YES;
				CLANG_ENABLE_OBJC_WEAK = YES;
				CLANG_WARN_BLOCK_CAPTURE_AUTORELEASING = YES;
				CLANG_WARN_BOOL_CONVERSION = YES;
				CLANG_WARN_COMMA = YES;
				CLANG_WARN_CONSTANT_CONVERSION = YES;
				CLANG_WARN_DEPRECATED_OBJC_IMPLEMENTATIONS = YES;
				CLANG_WARN_DIRECT_OBJC_ISA_USAGE = YES_ERROR;
				CLANG_WARN_DOCUMENTATION_COMMENTS = YES;
				CLANG_WARN_EMPTY_BODY = YES;
				CLANG_WARN_ENUM_CONVERSION = YES;
				CLANG_WARN_INFINITE_RECURSION = YES;
				CLANG_WARN_INT_CONVERSION = YES;
				CLANG_WARN_NON_LITERAL_NULL_CONVERSION = YES;
				CLANG_WARN_OBJC_IMPLICIT_RETAIN_SELF = YES;
				CLANG_WARN_OBJC_LITERAL_CONVERSION = YES;
				CLANG_WARN_OBJC_ROOT_CLASS = YES_ERROR;
				CLANG_WARN_RANGE_LOOP_ANALYSIS = YES;
				CLANG_WARN_STRICT_PROTOTYPES = YES;
				CLANG_WARN_SUSPICIOUS_MOVE = YES;
				CLANG_WARN_UNGUARDED_AVAILABILITY = YES_AGGRESSIVE;
				CLANG_WARN_UNREACHABLE_CODE = YES;
				CLANG_WARN__DUPLICATE_METHOD_MATCH = YES;
				CODE_SIGN_IDENTITY = "-";
				COPY_PHASE_STRIP = NO;
				DEBUG_INFORMATION_FORMAT = "dwarf-with-dsym";
				ENABLE_NS_ASSERTIONS = NO;
				ENABLE_STRICT_OBJC_MSGSEND = YES;
				GCC_C_LANGUAGE_STANDARD = gnu11;
				GCC_NO_COMMON_BLOCKS = YES;
				GCC_WARN_64_TO_32_BIT_CONVERSION = YES;
				GCC_WARN_ABOUT_RETURN_TYPE = YES_ERROR;
				GCC_WARN_UNDECLARED_SELECTOR = YES;
				GCC_WARN_UNINITIALIZED_AUTOS = YES_AGGRESSIVE;
				GCC_WARN_UNUSED_FUNCTION = YES;
				GCC_WARN_UNUSED_VARIABLE = YES;
				MACOSX_DEPLOYMENT_TARGET = 10.13;
				MTL_ENABLE_DEBUG_INFO = NO;
				OTHER_LDFLAGS = (
					"-lboost_iostreams",
					"-lboost_system",
					"-lboost_filesystem",
				);
				SDKROOT = macosx;
			};
			name = Release;
		};
		B214192621AE517F00B7FE91 /* Debug */ = {
			isa = XCBuildConfiguration;
			buildSettings = {
				CLANG_CXX_LANGUAGE_STANDARD = "c++17";
				CLANG_CXX_LIBRARY = "compiler-default";
				CLANG_X86_VECTOR_INSTRUCTIONS = avx2;
				CODE_SIGN_STYLE = Automatic;
				GCC_C_LANGUAGE_STANDARD = c11;
				GCC_INPUT_FILETYPE = automatic;
				GCC_VERSION = "";
				"HEADER_SEARCH_PATHS[arch=*]" = /usr/local/include/;
				"LIBRARY_SEARCH_PATHS[arch=*]" = /usr/local/lib/;
				"OTHER_CPLUSPLUSFLAGS[arch=*]" = "-I/usr/local/include";
				OTHER_LDFLAGS = "";
				"OTHER_LDFLAGS[arch=*]" = (
					/usr/local/lib/libzstd.a,
					"-lm",
				);
				"PRELINK_LIBS[arch=*]" = /usr/local/lib/libzstd.a;
				PRODUCT_NAME = "$(TARGET_NAME)";
			};
			name = Debug;
		};
		B214192721AE517F00B7FE91 /* Release */ = {
			isa = XCBuildConfiguration;
			buildSettings = {
				CLANG_CXX_LANGUAGE_STANDARD = "c++17";
				CLANG_CXX_LIBRARY = "compiler-default";
				CLANG_X86_VECTOR_INSTRUCTIONS = avx2;
				CODE_SIGN_STYLE = Automatic;
				GCC_C_LANGUAGE_STANDARD = c11;
				GCC_INPUT_FILETYPE = automatic;
				GCC_VERSION = "";
				OTHER_LDFLAGS = "";
				PRODUCT_NAME = "$(TARGET_NAME)";
			};
			name = Release;
		};
/* End XCBuildConfiguration section */

/* Begin XCConfigurationList section */
		B214191921AE517E00B7FE91 /* Build configuration list for PBXProject "compression" */ = {
			isa = XCConfigurationList;
			buildConfigurations = (
				B214192321AE517F00B7FE91 /* Debug */,
				B214192421AE517F00B7FE91 /* Release */,
			);
			defaultConfigurationIsVisible = 0;
			defaultConfigurationName = Release;
		};
		B214192521AE517F00B7FE91 /* Build configuration list for PBXNativeTarget "compression" */ = {
			isa = XCConfigurationList;
			buildConfigurations = (
				B214192621AE517F00B7FE91 /* Debug */,
				B214192721AE517F00B7FE91 /* Release */,
			);
			defaultConfigurationIsVisible = 0;
			defaultConfigurationName = Release;
		};
/* End XCConfigurationList section */
	};
	rootObject = B214191621AE517E00B7FE91 /* Project object */;
}
