<?xml version="1.0" encoding="UTF-8"?>
<Scheme
   LastUpgradeVersion = "0940"
   version = "1.3">
   <BuildAction
      parallelizeBuildables = "YES"
      buildImplicitDependencies = "YES">
      <BuildActionEntries>
         <BuildActionEntry
            buildForTesting = "YES"
            buildForRunning = "YES"
            buildForProfiling = "YES"
            buildForArchiving = "YES"
            buildForAnalyzing = "YES">
            <BuildableReference
               BuildableIdentifier = "primary"
               BlueprintIdentifier = "B214191D21AE517E00B7FE91"
               BuildableName = "compression"
               BlueprintName = "compression"
               ReferencedContainer = "container:compression.xcodeproj">
            </BuildableReference>
         </BuildActionEntry>
      </BuildActionEntries>
   </BuildAction>
   <TestAction
      buildConfiguration = "Debug"
      selectedDebuggerIdentifier = "Xcode.DebuggerFoundation.Debugger.LLDB"
      selectedLauncherIdentifier = "Xcode.DebuggerFoundation.Launcher.LLDB"
      shouldUseLaunchSchemeArgsEnv = "YES">
      <Testables>
      </Testables>
      <MacroExpansion>
         <BuildableReference
            BuildableIdentifier = "primary"
            BlueprintIdentifier = "B214191D21AE517E00B7FE91"
            BuildableName = "compression"
            BlueprintName = "compression"
            ReferencedContainer = "container:compression.xcodeproj">
         </BuildableReference>
      </MacroExpansion>
      <AdditionalOptions>
      </AdditionalOptions>
   </TestAction>
   <LaunchAction
      buildConfiguration = "Debug"
      selectedDebuggerIdentifier = "Xcode.DebuggerFoundation.Debugger.LLDB"
      selectedLauncherIdentifier = "Xcode.DebuggerFoundation.Launcher.LLDB"
      launchStyle = "0"
      useCustomWorkingDirectory = "YES"
      customWorkingDirectory = "/Users/Aneeqa/Documents/QuantumResearch/QuantumCircuit/QuantumSim/compression/compression"
      ignoresPersistentStateOnLaunch = "NO"
      debugDocumentVersioning = "YES"
      debugServiceExtension = "internal"
      allowLocationSimulation = "YES">
      <BuildableProductRunnable
         runnableDebuggingMode = "0">
         <BuildableReference
            BuildableIdentifier = "primary"
            BlueprintIdentifier = "B214191D21AE517E00B7FE91"
            BuildableName = "compression"
            BlueprintName = "compression"
            ReferencedContainer = "container:compression.xcodeproj">
         </BuildableReference>
      </BuildableProductRunnable>
      <CommandLineArguments>
         <CommandLineArgument
            argument = "-i test3.txt  -q 15 -n 11  -p 0.1"
            isEnabled = "NO">
         </CommandLineArgument>
         <CommandLineArgument
            argument = "-i Test_original28_4.txt -q 28 -n 11  -p 0"
            isEnabled = "NO">
         </CommandLineArgument>
         <CommandLineArgument
            argument = "-i output/amp_vectors/inst_7x7_41_0.txt_42_31_8_approx_196/output_109_ascii.amps -q 49 -n 11 -p 0"
            isEnabled = "NO">
         </CommandLineArgument>
         <CommandLineArgument
            argument = "-i test322.txt -q 16 -n 10 -p 0 "
            isEnabled = "NO">
         </CommandLineArgument>
         <CommandLineArgument
            argument = "-i exact_16q_40d.txt -q 16 -n 11 -p 0 "
            isEnabled = "YES">
         </CommandLineArgument>
         <CommandLineArgument
            argument = "-i test3.txt -q 15 -n 11  -p 0"
            isEnabled = "NO">
         </CommandLineArgument>
         <CommandLineArgument
            argument = "-i exact_amps_30_26.txt -q 30 -n 12 -e -3 -p 0.3"
            isEnabled = "NO">
         </CommandLineArgument>
         <CommandLineArgument
            argument = "-i exact_amps_25_40.txt -q 25 -n 12 -e -3 -p 0.2"
            isEnabled = "NO">
         </CommandLineArgument>
      </CommandLineArguments>
      <AdditionalOptions>
      </AdditionalOptions>
   </LaunchAction>
   <ProfileAction
      buildConfiguration = "Release"
      shouldUseLaunchSchemeArgsEnv = "YES"
      savedToolIdentifier = ""
      useCustomWorkingDirectory = "NO"
      debugDocumentVersioning = "YES">
      <BuildableProductRunnable
         runnableDebuggingMode = "0">
         <BuildableReference
            BuildableIdentifier = "primary"
            BlueprintIdentifier = "B214191D21AE517E00B7FE91"
            BuildableName = "compression"
            BlueprintName = "compression"
            ReferencedContainer = "container:compression.xcodeproj">
         </BuildableReference>
      </BuildableProductRunnable>
   </ProfileAction>
   <AnalyzeAction
      buildConfiguration = "Debug">
   </AnalyzeAction>
   <ArchiveAction
      buildConfiguration = "Release"
      revealArchiveInOrganizer = "YES">
   </ArchiveAction>
</Scheme>
