// !$*UTF8*$!
{
	archiveVersion = 1;
	classes = {
	};
	objectVersion = 48;
	objects = {

/* Begin PBXBuildFile section */
		B229137D1FCA476300D02B46 /* circuit_gates.cpp in Sources */ = {isa = PBXBuildFile; fileRef = B229137C1FCA476300D02B46 /* circuit_gates.cpp */; };
		B2725F0B1F985CBE001A54AF /* circuit_generator.cpp in Sources */ = {isa = PBXBuildFile; fileRef = B2725F0A1F985CBE001A54AF /* circuit_generator.cpp */; };
		B2725F171F9BEF47001A54AF /* matrix.cpp in Sources */ = {isa = PBXBuildFile; fileRef = B2725F161F9BEF47001A54AF /* matrix.cpp */; };
		B2725F191F9BEFEF001A54AF /* circuit_simulation.cpp in Sources */ = {isa = PBXBuildFile; fileRef = B2725F181F9BEFEF001A54AF /* circuit_simulation.cpp */; };
		B2EE38D01F92ED8A0046199F /* main.cpp in Sources */ = {isa = PBXBuildFile; fileRef = B2EE38CF1F92ED8A0046199F /* main.cpp */; };
/* End PBXBuildFile section */

/* Begin PBXCopyFilesBuildPhase section */
		B2EE38CA1F92ED8A0046199F /* CopyFiles */ = {
			isa = PBXCopyFilesBuildPhase;
			buildActionMask = 2147483647;
			dstPath = /usr/share/man/man1/;
			dstSubfolderSpec = 0;
			files = (
			);
			runOnlyForDeploymentPostprocessing = 1;
		};
/* End PBXCopyFilesBuildPhase section */

/* Begin PBXFileReference section */
		B229137B1FCA476300D02B46 /* circuit_gates.h */ = {isa = PBXFileReference; fileEncoding = 4; lastKnownFileType = sourcecode.c.h; path = circuit_gates.h; sourceTree = "<group>"; };
		B229137C1FCA476300D02B46 /* circuit_gates.cpp */ = {isa = PBXFileReference; fileEncoding = 4; lastKnownFileType = sourcecode.cpp.cpp; path = circuit_gates.cpp; sourceTree = "<group>"; };
		B2725F091F9858DB001A54AF /* circuit_generator.h */ = {isa = PBXFileReference; fileEncoding = 4; lastKnownFileType = sourcecode.c.h; path = circuit_generator.h; sourceTree = "<group>"; };
		B2725F0A1F985CBE001A54AF /* circuit_generator.cpp */ = {isa = PBXFileReference; lastKnownFileType = sourcecode.cpp.cpp; path = circuit_generator.cpp; sourceTree = "<group>"; };
		B2725F111F990874001A54AF /* matrix.h */ = {isa = PBXFileReference; lastKnownFileType = sourcecode.c.h; path = matrix.h; sourceTree = "<group>"; };
		B2725F141F9BEE32001A54AF /* circuit_simulation.h */ = {isa = PBXFileReference; lastKnownFileType = sourcecode.c.h; path = circuit_simulation.h; sourceTree = "<group>"; };
		B2725F161F9BEF47001A54AF /* matrix.cpp */ = {isa = PBXFileReference; lastKnownFileType = sourcecode.cpp.cpp; path = matrix.cpp; sourceTree = "<group>"; };
		B2725F181F9BEFEF001A54AF /* circuit_simulation.cpp */ = {isa = PBXFileReference; lastKnownFileType = sourcecode.cpp.cpp; path = circuit_simulation.cpp; sourceTree = "<group>"; };
		B2EE38CC1F92ED8A0046199F /* Quantum Circuit */ = {isa = PBXFileReference; explicitFileType = "compiled.mach-o.executable"; includeInIndex = 0; path = "Quantum Circuit"; sourceTree = BUILT_PRODUCTS_DIR; };
		B2EE38CF1F92ED8A0046199F /* main.cpp */ = {isa = PBXFileReference; lastKnownFileType = sourcecode.cpp.cpp; path = main.cpp; sourceTree = "<group>"; };
/* End PBXFileReference section */

/* Begin PBXFrameworksBuildPhase section */
		B2EE38C91F92ED8A0046199F /* Frameworks */ = {
			isa = PBXFrameworksBuildPhase;
			buildActionMask = 2147483647;
			files = (
			);
			runOnlyForDeploymentPostprocessing = 0;
		};
/* End PBXFrameworksBuildPhase section */

/* Begin PBXGroup section */
		B2EE38C31F92ED8A0046199F = {
			isa = PBXGroup;
			children = (
				B2EE38CE1F92ED8A0046199F /* Quantum Circuit */,
				B2EE38CD1F92ED8A0046199F /* Products */,
			);
			sourceTree = "<group>";
		};
		B2EE38CD1F92ED8A0046199F /* Products */ = {
			isa = PBXGroup;
			children = (
				B2EE38CC1F92ED8A0046199F /* Quantum Circuit */,
			);
			name = Products;
			sourceTree = "<group>";
		};
		B2EE38CE1F92ED8A0046199F /* Quantum Circuit */ = {
			isa = PBXGroup;
			children = (
				B229137C1FCA476300D02B46 /* circuit_gates.cpp */,
				B229137B1FCA476300D02B46 /* circuit_gates.h */,
				B2EE38CF1F92ED8A0046199F /* main.cpp */,
				B2725F091F9858DB001A54AF /* circuit_generator.h */,
				B2725F0A1F985CBE001A54AF /* circuit_generator.cpp */,
				B2725F141F9BEE32001A54AF /* circuit_simulation.h */,
				B2725F181F9BEFEF001A54AF /* circuit_simulation.cpp */,
				B2725F111F990874001A54AF /* matrix.h */,
				B2725F161F9BEF47001A54AF /* matrix.cpp */,
			);
			path = "Quantum Circuit";
			sourceTree = "<group>";
		};
/* End PBXGroup section */

/* Begin PBXNativeTarget section */
		B2EE38CB1F92ED8A0046199F /* Quantum Circuit */ = {
			isa = PBXNativeTarget;
			buildConfigurationList = B2EE38D31F92ED8A0046199F /* Build configuration list for PBXNativeTarget "Quantum Circuit" */;
			buildPhases = (
				B2EE38C81F92ED8A0046199F /* Sources */,
				B2EE38C91F92ED8A0046199F /* Frameworks */,
				B2EE38CA1F92ED8A0046199F /* CopyFiles */,
			);
			buildRules = (
			);
			dependencies = (
			);
			name = "Quantum Circuit";
			productName = "Quantum Circuit";
			productReference = B2EE38CC1F92ED8A0046199F /* Quantum Circuit */;
			productType = "com.apple.product-type.tool";
		};
/* End PBXNativeTarget section */

/* Begin PBXProject section */
		B2EE38C41F92ED8A0046199F /* Project object */ = {
			isa = PBXProject;
			attributes = {
				LastUpgradeCheck = 0900;
				ORGANIZATIONNAME = "Aneeqa Fatima";
				TargetAttributes = {
					B2EE38CB1F92ED8A0046199F = {
						CreatedOnToolsVersion = 9.0;
						ProvisioningStyle = Automatic;
					};
				};
			};
			buildConfigurationList = B2EE38C71F92ED8A0046199F /* Build configuration list for PBXProject "Quantum Circuit" */;
			compatibilityVersion = "Xcode 8.0";
			developmentRegion = en;
			hasScannedForEncodings = 0;
			knownRegions = (
				en,
			);
			mainGroup = B2EE38C31F92ED8A0046199F;
			productRefGroup = B2EE38CD1F92ED8A0046199F /* Products */;
			projectDirPath = "";
			projectRoot = "";
			targets = (
				B2EE38CB1F92ED8A0046199F /* Quantum Circuit */,
			);
		};
/* End PBXProject section */

/* Begin PBXSourcesBuildPhase section */
		B2EE38C81F92ED8A0046199F /* Sources */ = {
			isa = PBXSourcesBuildPhase;
			buildActionMask = 2147483647;
			files = (
				B2EE38D01F92ED8A0046199F /* main.cpp in Sources */,
				B2725F0B1F985CBE001A54AF /* circuit_generator.cpp in Sources */,
				B2725F191F9BEFEF001A54AF /* circuit_simulation.cpp in Sources */,
				B2725F171F9BEF47001A54AF /* matrix.cpp in Sources */,
				B229137D1FCA476300D02B46 /* circuit_gates.cpp in Sources */,
			);
			runOnlyForDeploymentPostprocessing = 0;
		};
/* End PBXSourcesBuildPhase section */

/* Begin XCBuildConfiguration section */
		B2EE38D11F92ED8A0046199F /* Debug */ = {
			isa = XCBuildConfiguration;
			buildSettings = {
				ALWAYS_SEARCH_USER_PATHS = NO;
				CLANG_ANALYZER_NONNULL = YES;
				CLANG_ANALYZER_NUMBER_OBJECT_CONVERSION = YES_AGGRESSIVE;
				CLANG_CXX_LANGUAGE_STANDARD = "gnu++14";
				CLANG_CXX_LIBRARY = "libc++";
				CLANG_ENABLE_MODULES = YES;
				CLANG_ENABLE_OBJC_ARC = YES;
				CLANG_WARN_BLOCK_CAPTURE_AUTORELEASING = YES;
				CLANG_WARN_BOOL_CONVERSION = YES;
				CLANG_WARN_COMMA = YES;
				CLANG_WARN_CONSTANT_CONVERSION = YES;
				CLANG_WARN_DIRECT_OBJC_ISA_USAGE = YES_ERROR;
				CLANG_WARN_DOCUMENTATION_COMMENTS = YES;
				CLANG_WARN_EMPTY_BODY = YES;
				CLANG_WARN_ENUM_CONVERSION = YES;
				CLANG_WARN_INFINITE_RECURSION = YES;
				CLANG_WARN_INT_CONVERSION = YES;
				CLANG_WARN_NON_LITERAL_NULL_CONVERSION = YES;
				CLANG_WARN_OBJC_LITERAL_CONVERSION = YES;
				CLANG_WARN_OBJC_ROOT_CLASS = YES_ERROR;
				CLANG_WARN_RANGE_LOOP_ANALYSIS = YES;
				CLANG_WARN_STRICT_PROTOTYPES = YES;
				CLANG_WARN_SUSPICIOUS_MOVE = YES;
				CLANG_WARN_UNGUARDED_AVAILABILITY = YES_AGGRESSIVE;
				CLANG_WARN_UNREACHABLE_CODE = YES;
				CLANG_WARN__DUPLICATE_METHOD_MATCH = YES;
				CODE_SIGN_IDENTITY = "-";
				COPY_PHASE_STRIP = NO;
				DEBUG_INFORMATION_FORMAT = dwarf;
				ENABLE_STRICT_OBJC_MSGSEND = YES;
				ENABLE_TESTABILITY = YES;
				GCC_C_LANGUAGE_STANDARD = gnu11;
				GCC_DYNAMIC_NO_PIC = NO;
				GCC_NO_COMMON_BLOCKS = YES;
				GCC_OPTIMIZATION_LEVEL = 0;
				GCC_PREPROCESSOR_DEFINITIONS = (
					"DEBUG=1",
					"$(inherited)",
				);
				GCC_WARN_64_TO_32_BIT_CONVERSION = YES;
				GCC_WARN_ABOUT_RETURN_TYPE = YES_ERROR;
				GCC_WARN_UNDECLARED_SELECTOR = YES;
				GCC_WARN_UNINITIALIZED_AUTOS = YES_AGGRESSIVE;
				GCC_WARN_UNUSED_FUNCTION = YES;
				GCC_WARN_UNUSED_VARIABLE = YES;
				MACOSX_DEPLOYMENT_TARGET = 10.12;
				MTL_ENABLE_DEBUG_INFO = YES;
				ONLY_ACTIVE_ARCH = YES;
				SDKROOT = macosx;
			};
			name = Debug;
		};
		B2EE38D21F92ED8A0046199F /* Release */ = {
			isa = XCBuildConfiguration;
			buildSettings = {
				ALWAYS_SEARCH_USER_PATHS = NO;
				CLANG_ANALYZER_NONNULL = YES;
				CLANG_ANALYZER_NUMBER_OBJECT_CONVERSION = YES_AGGRESSIVE;
				CLANG_CXX_LANGUAGE_STANDARD = "gnu++14";
				CLANG_CXX_LIBRARY = "libc++";
				CLANG_ENABLE_MODULES = YES;
				CLANG_ENABLE_OBJC_ARC = YES;
				CLANG_WARN_BLOCK_CAPTURE_AUTORELEASING = YES;
				CLANG_WARN_BOOL_CONVERSION = YES;
				CLANG_WARN_COMMA = YES;
				CLANG_WARN_CONSTANT_CONVERSION = YES;
				CLANG_WARN_DIRECT_OBJC_ISA_USAGE = YES_ERROR;
				CLANG_WARN_DOCUMENTATION_COMMENTS = YES;
				CLANG_WARN_EMPTY_BODY = YES;
				CLANG_WARN_ENUM_CONVERSION = YES;
				CLANG_WARN_INFINITE_RECURSION = YES;
				CLANG_WARN_INT_CONVERSION = YES;
				CLANG_WARN_NON_LITERAL_NULL_CONVERSION = YES;
				CLANG_WARN_OBJC_LITERAL_CONVERSION = YES;
				CLANG_WARN_OBJC_ROOT_CLASS = YES_ERROR;
				CLANG_WARN_RANGE_LOOP_ANALYSIS = YES;
				CLANG_WARN_STRICT_PROTOTYPES = YES;
				CLANG_WARN_SUSPICIOUS_MOVE = YES;
				CLANG_WARN_UNGUARDED_AVAILABILITY = YES_AGGRESSIVE;
				CLANG_WARN_UNREACHABLE_CODE = YES;
				CLANG_WARN__DUPLICATE_METHOD_MATCH = YES;
				CODE_SIGN_IDENTITY = "-";
				COPY_PHASE_STRIP = NO;
				DEBUG_INFORMATION_FORMAT = "dwarf-with-dsym";
				ENABLE_NS_ASSERTIONS = NO;
				ENABLE_STRICT_OBJC_MSGSEND = YES;
				GCC_C_LANGUAGE_STANDARD = gnu11;
				GCC_NO_COMMON_BLOCKS = YES;
				GCC_WARN_64_TO_32_BIT_CONVERSION = YES;
				GCC_WARN_ABOUT_RETURN_TYPE = YES_ERROR;
				GCC_WARN_UNDECLARED_SELECTOR = YES;
				GCC_WARN_UNINITIALIZED_AUTOS = YES_AGGRESSIVE;
				GCC_WARN_UNUSED_FUNCTION = YES;
				GCC_WARN_UNUSED_VARIABLE = YES;
				MACOSX_DEPLOYMENT_TARGET = 10.12;
				MTL_ENABLE_DEBUG_INFO = NO;
				SDKROOT = macosx;
			};
			name = Release;
		};
		B2EE38D41F92ED8A0046199F /* Debug */ = {
			isa = XCBuildConfiguration;
			buildSettings = {
				CODE_SIGN_STYLE = Automatic;
				PRODUCT_NAME = "$(TARGET_NAME)";
			};
			name = Debug;
		};
		B2EE38D51F92ED8A0046199F /* Release */ = {
			isa = XCBuildConfiguration;
			buildSettings = {
				CODE_SIGN_STYLE = Automatic;
				PRODUCT_NAME = "$(TARGET_NAME)";
			};
			name = Release;
		};
/* End XCBuildConfiguration section */

/* Begin XCConfigurationList section */
		B2EE38C71F92ED8A0046199F /* Build configuration list for PBXProject "Quantum Circuit" */ = {
			isa = XCConfigurationList;
			buildConfigurations = (
				B2EE38D11F92ED8A0046199F /* Debug */,
				B2EE38D21F92ED8A0046199F /* Release */,
			);
			defaultConfigurationIsVisible = 0;
			defaultConfigurationName = Release;
		};
		B2EE38D31F92ED8A0046199F /* Build configuration list for PBXNativeTarget "Quantum Circuit" */ = {
			isa = XCConfigurationList;
			buildConfigurations = (
				B2EE38D41F92ED8A0046199F /* Debug */,
				B2EE38D51F92ED8A0046199F /* Release */,
			);
			defaultConfigurationIsVisible = 0;
			defaultConfigurationName = Release;
		};
/* End XCConfigurationList section */
	};
	rootObject = B2EE38C41F92ED8A0046199F /* Project object */;
}
